
Microsoft Visual Studio Solution File, Format Version 12.00
# Visual Studio Version 16
VisualStudioVersion = 16.0.29326.143
MinimumVisualStudioVersion = 10.0.40219.1
Project("{FAE04EC0-301F-11D3-BF4B-00C04F79EFBC}") = "VaccineInfo", "VaccineInfo.csproj", "{B573FDBB-2CEC-4127-8EE9-A7E0649F05F9}"
EndProject
Global
	GlobalSection(SolutionConfigurationPlatforms) = preSolution
		Debug|Any CPU = Debug|Any CPU
		Release|Any CPU = Release|Any CPU
	EndGlobalSection
	GlobalSection(ProjectConfigurationPlatforms) = postSolution
		{B573FDBB-2CEC-4127-8EE9-A7E0649F05F9}.Debug|Any CPU.ActiveCfg = Debug|Any CPU
		{B573FDBB-2CEC-4127-8EE9-A7E0649F05F9}.Debug|Any CPU.Build.0 = Debug|Any CPU
		{B573FDBB-2CEC-4127-8EE9-A7E0649F05F9}.Release|Any CPU.ActiveCfg = Release|Any CPU
		{B573FDBB-2CEC-4127-8EE9-A7E0649F05F9}.Release|Any CPU.Build.0 = Release|Any CPU
	EndGlobalSection
	GlobalSection(SolutionProperties) = preSolution
		HideSolutionNode = FALSE
	EndGlobalSection
	GlobalSection(ExtensibilityGlobals) = postSolution
		SolutionGuid = {99F44B25-4E38-4828-BF44-DD5E29D4F330}
	EndGlobalSection
EndGlobal
